
Microsoft Visual Studio Solution File, Format Version 12.00
# Visual Studio Version 16
VisualStudioVersion = 16.0.31205.134
MinimumVisualStudioVersion = 10.0.40219.1
Project("{FAE04EC0-301F-11D3-BF4B-00C04F79EFBC}") = "HornetEngine", "HornetEngine\HornetEngine.csproj", "{ED746388-13D9-4B9D-B09D-CEFB19EE67BE}"
EndProject
Project("{FAE04EC0-301F-11D3-BF4B-00C04F79EFBC}") = "Sandbox", "Sandbox\Sandbox.csproj", "{9CCD541A-D357-4CFA-B4AA-53ED7E37869E}"
EndProject
Global
	GlobalSection(SolutionConfigurationPlatforms) = preSolution
		Debug|Any CPU = Debug|Any CPU
		Release|Any CPU = Release|Any CPU
	EndGlobalSection
	GlobalSection(ProjectConfigurationPlatforms) = postSolution
		{ED746388-13D9-4B9D-B09D-CEFB19EE67BE}.Debug|Any CPU.ActiveCfg = Debug|Any CPU
		{ED746388-13D9-4B9D-B09D-CEFB19EE67BE}.Debug|Any CPU.Build.0 = Debug|Any CPU
		{ED746388-13D9-4B9D-B09D-CEFB19EE67BE}.Release|Any CPU.ActiveCfg = Release|Any CPU
		{ED746388-13D9-4B9D-B09D-CEFB19EE67BE}.Release|Any CPU.Build.0 = Release|Any CPU
		{9CCD541A-D357-4CFA-B4AA-53ED7E37869E}.Debug|Any CPU.ActiveCfg = Debug|Any CPU
		{9CCD541A-D357-4CFA-B4AA-53ED7E37869E}.Debug|Any CPU.Build.0 = Debug|Any CPU
		{9CCD541A-D357-4CFA-B4AA-53ED7E37869E}.Release|Any CPU.ActiveCfg = Release|Any CPU
		{9CCD541A-D357-4CFA-B4AA-53ED7E37869E}.Release|Any CPU.Build.0 = Release|Any CPU
	EndGlobalSection
	GlobalSection(SolutionProperties) = preSolution
		HideSolutionNode = FALSE
	EndGlobalSection
	GlobalSection(ExtensibilityGlobals) = postSolution
		SolutionGuid = {EE2DB7B7-CEAC-46E3-BF85-D032304B909A}
	EndGlobalSection
EndGlobal
